
Microsoft Visual Studio Solution File, Format Version 12.00
# Visual Studio Version 16
VisualStudioVersion = 16.0.30503.244
MinimumVisualStudioVersion = 10.0.40219.1
Project("{FAE04EC0-301F-11D3-BF4B-00C04F79EFBC}") = "Demo", "Demo\Demo.csproj", "{CBDEE2ED-4ABA-4250-95DE-6A9DB54EFA1A}"
EndProject
Global
	GlobalSection(SolutionConfigurationPlatforms) = preSolution
		Debug|Any CPU = Debug|Any CPU
		Release|Any CPU = Release|Any CPU
	EndGlobalSection
	GlobalSection(ProjectConfigurationPlatforms) = postSolution
		{CBDEE2ED-4ABA-4250-95DE-6A9DB54EFA1A}.Debug|Any CPU.ActiveCfg = Debug|Any CPU
		{CBDEE2ED-4ABA-4250-95DE-6A9DB54EFA1A}.Debug|Any CPU.Build.0 = Debug|Any CPU
		{CBDEE2ED-4ABA-4250-95DE-6A9DB54EFA1A}.Debug|Any CPU.Deploy.0 = Debug|Any CPU
		{CBDEE2ED-4ABA-4250-95DE-6A9DB54EFA1A}.Release|Any CPU.ActiveCfg = Release|Any CPU
		{CBDEE2ED-4ABA-4250-95DE-6A9DB54EFA1A}.Release|Any CPU.Build.0 = Release|Any CPU
		{CBDEE2ED-4ABA-4250-95DE-6A9DB54EFA1A}.Release|Any CPU.Deploy.0 = Release|Any CPU
	EndGlobalSection
	GlobalSection(SolutionProperties) = preSolution
		HideSolutionNode = FALSE
	EndGlobalSection
	GlobalSection(ExtensibilityGlobals) = postSolution
		SolutionGuid = {1B0B9E20-D04C-4F62-A0C2-4A4685F7D093}
	EndGlobalSection
EndGlobal
